
Microsoft Visual Studio Solution File, Format Version 12.00
# Visual Studio Version 16
VisualStudioVersion = 16.0.31005.135
MinimumVisualStudioVersion = 10.0.40219.1
Project("{FAE04EC0-301F-11D3-BF4B-00C04F79EFBC}") = "Task2.1", "Task2.1.csproj", "{744578A5-6743-4FAE-AA11-CB4690D57D33}"
EndProject
Global
	GlobalSection(SolutionConfigurationPlatforms) = preSolution
		Debug|Any CPU = Debug|Any CPU
		Release|Any CPU = Release|Any CPU
	EndGlobalSection
	GlobalSection(ProjectConfigurationPlatforms) = postSolution
		{744578A5-6743-4FAE-AA11-CB4690D57D33}.Debug|Any CPU.ActiveCfg = Debug|Any CPU
		{744578A5-6743-4FAE-AA11-CB4690D57D33}.Debug|Any CPU.Build.0 = Debug|Any CPU
		{744578A5-6743-4FAE-AA11-CB4690D57D33}.Release|Any CPU.ActiveCfg = Release|Any CPU
		{744578A5-6743-4FAE-AA11-CB4690D57D33}.Release|Any CPU.Build.0 = Release|Any CPU
	EndGlobalSection
	GlobalSection(SolutionProperties) = preSolution
		HideSolutionNode = FALSE
	EndGlobalSection
	GlobalSection(ExtensibilityGlobals) = postSolution
		SolutionGuid = {B5DB1C40-7E02-43C0-A2F0-41859BCEBACC}
	EndGlobalSection
EndGlobal
