
Microsoft Visual Studio Solution File, Format Version 12.00
# Visual Studio Version 16
VisualStudioVersion = 16.0.30523.141
MinimumVisualStudioVersion = 10.0.40219.1
Project("{8BC9CEB8-8B4A-11D0-8D11-00A0C91BC942}") = "4.1", "Task4\4.1\4.1.vcxproj", "{D0EDED38-21AE-4D2D-8B23-BC79AE41A34E}"
EndProject
Project("{8BC9CEB8-8B4A-11D0-8D11-00A0C91BC942}") = "4.2", "Task4\4.2\4.2.vcxproj", "{0FBC954A-5513-4D71-83C1-C16CB771AED5}"
EndProject
Project("{8BC9CEB8-8B4A-11D0-8D11-00A0C91BC942}") = "4.3", "Task4\4.3\4.3.vcxproj", "{42E83AFC-1C6E-4314-B660-A1D10A62A90F}"
EndProject
Project("{8BC9CEB8-8B4A-11D0-8D11-00A0C91BC942}") = "5.1", "Task5\5.1\5.1.vcxproj", "{47AD88F0-B1D8-42DD-AAA3-ABDFE61FD7A6}"
EndProject
Project("{8BC9CEB8-8B4A-11D0-8D11-00A0C91BC942}") = "5.2", "Task5\5.2\5.2.vcxproj", "{96BAF4EE-3348-494B-B4DA-AFDB265868E4}"
EndProject
Global
	GlobalSection(SolutionConfigurationPlatforms) = preSolution
		Debug|x64 = Debug|x64
		Debug|x86 = Debug|x86
		Release|x64 = Release|x64
		Release|x86 = Release|x86
	EndGlobalSection
	GlobalSection(ProjectConfigurationPlatforms) = postSolution
		{D0EDED38-21AE-4D2D-8B23-BC79AE41A34E}.Debug|x64.ActiveCfg = Debug|x64
		{D0EDED38-21AE-4D2D-8B23-BC79AE41A34E}.Debug|x64.Build.0 = Debug|x64
		{D0EDED38-21AE-4D2D-8B23-BC79AE41A34E}.Debug|x86.ActiveCfg = Debug|Win32
		{D0EDED38-21AE-4D2D-8B23-BC79AE41A34E}.Debug|x86.Build.0 = Debug|Win32
		{D0EDED38-21AE-4D2D-8B23-BC79AE41A34E}.Release|x64.ActiveCfg = Release|x64
		{D0EDED38-21AE-4D2D-8B23-BC79AE41A34E}.Release|x64.Build.0 = Release|x64
		{D0EDED38-21AE-4D2D-8B23-BC79AE41A34E}.Release|x86.ActiveCfg = Release|Win32
		{D0EDED38-21AE-4D2D-8B23-BC79AE41A34E}.Release|x86.Build.0 = Release|Win32
		{0FBC954A-5513-4D71-83C1-C16CB771AED5}.Debug|x64.ActiveCfg = Debug|x64
		{0FBC954A-5513-4D71-83C1-C16CB771AED5}.Debug|x64.Build.0 = Debug|x64
		{0FBC954A-5513-4D71-83C1-C16CB771AED5}.Debug|x86.ActiveCfg = Debug|Win32
		{0FBC954A-5513-4D71-83C1-C16CB771AED5}.Debug|x86.Build.0 = Debug|Win32
		{0FBC954A-5513-4D71-83C1-C16CB771AED5}.Release|x64.ActiveCfg = Release|x64
		{0FBC954A-5513-4D71-83C1-C16CB771AED5}.Release|x64.Build.0 = Release|x64
		{0FBC954A-5513-4D71-83C1-C16CB771AED5}.Release|x86.ActiveCfg = Release|Win32
		{0FBC954A-5513-4D71-83C1-C16CB771AED5}.Release|x86.Build.0 = Release|Win32
		{42E83AFC-1C6E-4314-B660-A1D10A62A90F}.Debug|x64.ActiveCfg = Debug|x64
		{42E83AFC-1C6E-4314-B660-A1D10A62A90F}.Debug|x64.Build.0 = Debug|x64
		{42E83AFC-1C6E-4314-B660-A1D10A62A90F}.Debug|x86.ActiveCfg = Debug|Win32
		{42E83AFC-1C6E-4314-B660-A1D10A62A90F}.Debug|x86.Build.0 = Debug|Win32
		{42E83AFC-1C6E-4314-B660-A1D10A62A90F}.Release|x64.ActiveCfg = Release|x64
		{42E83AFC-1C6E-4314-B660-A1D10A62A90F}.Release|x64.Build.0 = Release|x64
		{42E83AFC-1C6E-4314-B660-A1D10A62A90F}.Release|x86.ActiveCfg = Release|Win32
		{42E83AFC-1C6E-4314-B660-A1D10A62A90F}.Release|x86.Build.0 = Release|Win32
		{47AD88F0-B1D8-42DD-AAA3-ABDFE61FD7A6}.Debug|x64.ActiveCfg = Debug|x64
		{47AD88F0-B1D8-42DD-AAA3-ABDFE61FD7A6}.Debug|x64.Build.0 = Debug|x64
		{47AD88F0-B1D8-42DD-AAA3-ABDFE61FD7A6}.Debug|x86.ActiveCfg = Debug|Win32
		{47AD88F0-B1D8-42DD-AAA3-ABDFE61FD7A6}.Debug|x86.Build.0 = Debug|Win32
		{47AD88F0-B1D8-42DD-AAA3-ABDFE61FD7A6}.Release|x64.ActiveCfg = Release|x64
		{47AD88F0-B1D8-42DD-AAA3-ABDFE61FD7A6}.Release|x64.Build.0 = Release|x64
		{47AD88F0-B1D8-42DD-AAA3-ABDFE61FD7A6}.Release|x86.ActiveCfg = Release|Win32
		{47AD88F0-B1D8-42DD-AAA3-ABDFE61FD7A6}.Release|x86.Build.0 = Release|Win32
		{96BAF4EE-3348-494B-B4DA-AFDB265868E4}.Debug|x64.ActiveCfg = Debug|x64
		{96BAF4EE-3348-494B-B4DA-AFDB265868E4}.Debug|x64.Build.0 = Debug|x64
		{96BAF4EE-3348-494B-B4DA-AFDB265868E4}.Debug|x86.ActiveCfg = Debug|Win32
		{96BAF4EE-3348-494B-B4DA-AFDB265868E4}.Debug|x86.Build.0 = Debug|Win32
		{96BAF4EE-3348-494B-B4DA-AFDB265868E4}.Release|x64.ActiveCfg = Release|x64
		{96BAF4EE-3348-494B-B4DA-AFDB265868E4}.Release|x64.Build.0 = Release|x64
		{96BAF4EE-3348-494B-B4DA-AFDB265868E4}.Release|x86.ActiveCfg = Release|Win32
		{96BAF4EE-3348-494B-B4DA-AFDB265868E4}.Release|x86.Build.0 = Release|Win32
	EndGlobalSection
	GlobalSection(SolutionProperties) = preSolution
		HideSolutionNode = FALSE
	EndGlobalSection
	GlobalSection(ExtensibilityGlobals) = postSolution
		SolutionGuid = {EBF0BDBD-C50B-4C3C-8EE3-D7C618BC2A08}
	EndGlobalSection
EndGlobal
